
Microsoft Visual Studio Solution File, Format Version 12.00
# Visual Studio Version 17
VisualStudioVersion = 17.4.33213.308
MinimumVisualStudioVersion = 10.0.40219.1
Project("{FAE04EC0-301F-11D3-BF4B-00C04F79EFBC}") = "Code7Lecture", "Code7Lecture\Code7Lecture.csproj", "{43423849-BED3-4030-B87B-293DDF7767FC}"
EndProject
Global
	GlobalSection(SolutionConfigurationPlatforms) = preSolution
		Debug|Any CPU = Debug|Any CPU
		Release|Any CPU = Release|Any CPU
	EndGlobalSection
	GlobalSection(ProjectConfigurationPlatforms) = postSolution
		{43423849-BED3-4030-B87B-293DDF7767FC}.Debug|Any CPU.ActiveCfg = Debug|Any CPU
		{43423849-BED3-4030-B87B-293DDF7767FC}.Debug|Any CPU.Build.0 = Debug|Any CPU
		{43423849-BED3-4030-B87B-293DDF7767FC}.Release|Any CPU.ActiveCfg = Release|Any CPU
		{43423849-BED3-4030-B87B-293DDF7767FC}.Release|Any CPU.Build.0 = Release|Any CPU
	EndGlobalSection
	GlobalSection(SolutionProperties) = preSolution
		HideSolutionNode = FALSE
	EndGlobalSection
	GlobalSection(ExtensibilityGlobals) = postSolution
		SolutionGuid = {AD7F1540-D207-423D-9607-981498350C0D}
	EndGlobalSection
EndGlobal
